// !$*UTF8*$!
{
	archiveVersion = 1;
	classes = {
	};
	objectVersion = 55;
	objects = {

/* Begin PBXBuildFile section */
		A21CCAEA27B4DE2400EFCFE1 /* SetGameTests.swift in Sources */ = {isa = PBXBuildFile; fileRef = A21CCAE927B4DE2400EFCFE1 /* SetGameTests.swift */; };
		A27D8F152785F272005FBC91 /* GameApp.swift in Sources */ = {isa = PBXBuildFile; fileRef = A27D8F142785F272005FBC91 /* GameApp.swift */; };
		A27D8F172785F272005FBC91 /* ContentView.swift in Sources */ = {isa = PBXBuildFile; fileRef = A27D8F162785F272005FBC91 /* ContentView.swift */; };
		A27D8F192785F274005FBC91 /* Assets.xcassets in Resources */ = {isa = PBXBuildFile; fileRef = A27D8F182785F274005FBC91 /* Assets.xcassets */; };
		A27D8F1C2785F274005FBC91 /* Preview Assets.xcassets in Resources */ = {isa = PBXBuildFile; fileRef = A27D8F1B2785F274005FBC91 /* Preview Assets.xcassets */; };
		A27D8F1E2785F274005FBC91 /* Persistence.swift in Sources */ = {isa = PBXBuildFile; fileRef = A27D8F1D2785F274005FBC91 /* Persistence.swift */; };
		A27D8F212785F274005FBC91 /* GameApp.xcdatamodeld in Sources */ = {isa = PBXBuildFile; fileRef = A27D8F1F2785F274005FBC91 /* GameApp.xcdatamodeld */; };
		A27D8F2C2785F4CC005FBC91 /* GameSelectionView.swift in Sources */ = {isa = PBXBuildFile; fileRef = A27D8F2B2785F4CC005FBC91 /* GameSelectionView.swift */; };
		A27D8F2E2785F7BE005FBC91 /* GameController.swift in Sources */ = {isa = PBXBuildFile; fileRef = A27D8F2D2785F7BE005FBC91 /* GameController.swift */; };
		A27D8F332786043D005FBC91 /* GameProtocol.swift in Sources */ = {isa = PBXBuildFile; fileRef = A27D8F322786043D005FBC91 /* GameProtocol.swift */; };
		A27D8F3F27938ACF005FBC91 /* EmojiConcentrationView.swift in Sources */ = {isa = PBXBuildFile; fileRef = A27D8F3E27938ACE005FBC91 /* EmojiConcentrationView.swift */; };
		A28B582F279668AB0046C8B5 /* Concentration.swift in Sources */ = {isa = PBXBuildFile; fileRef = A28B582E279668AB0046C8B5 /* Concentration.swift */; };
		A28B5831279A7EC80046C8B5 /* EmojiConcentration.swift in Sources */ = {isa = PBXBuildFile; fileRef = A28B5830279A7EC80046C8B5 /* EmojiConcentration.swift */; };
		A28B5833279DC5CA0046C8B5 /* Theme.swift in Sources */ = {isa = PBXBuildFile; fileRef = A28B5832279DC5CA0046C8B5 /* Theme.swift */; };
		A293E3C6279F0CAC0090A465 /* AspectVGrid.swift in Sources */ = {isa = PBXBuildFile; fileRef = A293E3C5279F0CAC0090A465 /* AspectVGrid.swift */; };
		A293E3C8279F32A60090A465 /* Pie.swift in Sources */ = {isa = PBXBuildFile; fileRef = A293E3C7279F32A60090A465 /* Pie.swift */; };
		A2A6392F27A1E746009B68A0 /* Cardify.swift in Sources */ = {isa = PBXBuildFile; fileRef = A2A6392E27A1E746009B68A0 /* Cardify.swift */; };
		A2A6393127A21C16009B68A0 /* SetViewModel.swift in Sources */ = {isa = PBXBuildFile; fileRef = A2A6393027A21C16009B68A0 /* SetViewModel.swift */; };
		A2A7405A27A079E600443132 /* SetView.swift in Sources */ = {isa = PBXBuildFile; fileRef = A2A7405927A079E600443132 /* SetView.swift */; };
		A2A7405C27A07A6800443132 /* SetGame.swift in Sources */ = {isa = PBXBuildFile; fileRef = A2A7405B27A07A6800443132 /* SetGame.swift */; };
		A2A7405E27A1020100443132 /* Diamond.swift in Sources */ = {isa = PBXBuildFile; fileRef = A2A7405D27A1020100443132 /* Diamond.swift */; };
/* End PBXBuildFile section */

/* Begin PBXContainerItemProxy section */
		A21CCAEB27B4DE2400EFCFE1 /* PBXContainerItemProxy */ = {
			isa = PBXContainerItemProxy;
			containerPortal = A27D8F092785F272005FBC91 /* Project object */;
			proxyType = 1;
			remoteGlobalIDString = A27D8F102785F272005FBC91;
			remoteInfo = GameApp;
		};
/* End PBXContainerItemProxy section */

/* Begin PBXFileReference section */
		A21CCAE727B4DE2400EFCFE1 /* GameAppTests.xctest */ = {isa = PBXFileReference; explicitFileType = wrapper.cfbundle; includeInIndex = 0; path = GameAppTests.xctest; sourceTree = BUILT_PRODUCTS_DIR; };
		A21CCAE927B4DE2400EFCFE1 /* SetGameTests.swift */ = {isa = PBXFileReference; lastKnownFileType = sourcecode.swift; path = SetGameTests.swift; sourceTree = "<group>"; };
		A27D8F112785F272005FBC91 /* GameApp.app */ = {isa = PBXFileReference; explicitFileType = wrapper.application; includeInIndex = 0; path = GameApp.app; sourceTree = BUILT_PRODUCTS_DIR; };
		A27D8F142785F272005FBC91 /* GameApp.swift */ = {isa = PBXFileReference; lastKnownFileType = sourcecode.swift; path = GameApp.swift; sourceTree = "<group>"; };
		A27D8F162785F272005FBC91 /* ContentView.swift */ = {isa = PBXFileReference; lastKnownFileType = sourcecode.swift; path = ContentView.swift; sourceTree = "<group>"; };
		A27D8F182785F274005FBC91 /* Assets.xcassets */ = {isa = PBXFileReference; lastKnownFileType = folder.assetcatalog; path = Assets.xcassets; sourceTree = "<group>"; };
		A27D8F1B2785F274005FBC91 /* Preview Assets.xcassets */ = {isa = PBXFileReference; lastKnownFileType = folder.assetcatalog; path = "Preview Assets.xcassets"; sourceTree = "<group>"; };
		A27D8F1D2785F274005FBC91 /* Persistence.swift */ = {isa = PBXFileReference; lastKnownFileType = sourcecode.swift; path = Persistence.swift; sourceTree = "<group>"; };
		A27D8F202785F274005FBC91 /* GameApp.xcdatamodel */ = {isa = PBXFileReference; lastKnownFileType = wrapper.xcdatamodel; path = GameApp.xcdatamodel; sourceTree = "<group>"; };
		A27D8F2B2785F4CC005FBC91 /* GameSelectionView.swift */ = {isa = PBXFileReference; lastKnownFileType = sourcecode.swift; path = GameSelectionView.swift; sourceTree = "<group>"; };
		A27D8F2D2785F7BE005FBC91 /* GameController.swift */ = {isa = PBXFileReference; lastKnownFileType = sourcecode.swift; path = GameController.swift; sourceTree = "<group>"; };
		A27D8F322786043D005FBC91 /* GameProtocol.swift */ = {isa = PBXFileReference; lastKnownFileType = sourcecode.swift; path = GameProtocol.swift; sourceTree = "<group>"; };
		A27D8F3E27938ACE005FBC91 /* EmojiConcentrationView.swift */ = {isa = PBXFileReference; lastKnownFileType = sourcecode.swift; path = EmojiConcentrationView.swift; sourceTree = "<group>"; };
		A28B582E279668AB0046C8B5 /* Concentration.swift */ = {isa = PBXFileReference; lastKnownFileType = sourcecode.swift; path = Concentration.swift; sourceTree = "<group>"; };
		A28B5830279A7EC80046C8B5 /* EmojiConcentration.swift */ = {isa = PBXFileReference; lastKnownFileType = sourcecode.swift; path = EmojiConcentration.swift; sourceTree = "<group>"; };
		A28B5832279DC5CA0046C8B5 /* Theme.swift */ = {isa = PBXFileReference; lastKnownFileType = sourcecode.swift; path = Theme.swift; sourceTree = "<group>"; };
		A293E3C5279F0CAC0090A465 /* AspectVGrid.swift */ = {isa = PBXFileReference; lastKnownFileType = sourcecode.swift; path = AspectVGrid.swift; sourceTree = "<group>"; };
		A293E3C7279F32A60090A465 /* Pie.swift */ = {isa = PBXFileReference; lastKnownFileType = sourcecode.swift; path = Pie.swift; sourceTree = "<group>"; };
		A2A6392E27A1E746009B68A0 /* Cardify.swift */ = {isa = PBXFileReference; lastKnownFileType = sourcecode.swift; path = Cardify.swift; sourceTree = "<group>"; };
		A2A6393027A21C16009B68A0 /* SetViewModel.swift */ = {isa = PBXFileReference; lastKnownFileType = sourcecode.swift; path = SetViewModel.swift; sourceTree = "<group>"; };
		A2A7405927A079E600443132 /* SetView.swift */ = {isa = PBXFileReference; lastKnownFileType = sourcecode.swift; path = SetView.swift; sourceTree = "<group>"; };
		A2A7405B27A07A6800443132 /* SetGame.swift */ = {isa = PBXFileReference; lastKnownFileType = sourcecode.swift; path = SetGame.swift; sourceTree = "<group>"; };
		A2A7405D27A1020100443132 /* Diamond.swift */ = {isa = PBXFileReference; lastKnownFileType = sourcecode.swift; path = Diamond.swift; sourceTree = "<group>"; };
/* End PBXFileReference section */

/* Begin PBXFrameworksBuildPhase section */
		A21CCAE427B4DE2400EFCFE1 /* Frameworks */ = {
			isa = PBXFrameworksBuildPhase;
			buildActionMask = 2147483647;
			files = (
			);
			runOnlyForDeploymentPostprocessing = 0;
		};
		A27D8F0E2785F272005FBC91 /* Frameworks */ = {
			isa = PBXFrameworksBuildPhase;
			buildActionMask = 2147483647;
			files = (
			);
			runOnlyForDeploymentPostprocessing = 0;
		};
/* End PBXFrameworksBuildPhase section */

/* Begin PBXGroup section */
		A21CCAE827B4DE2400EFCFE1 /* GameAppTests */ = {
			isa = PBXGroup;
			children = (
				A21CCAE927B4DE2400EFCFE1 /* SetGameTests.swift */,
			);
			path = GameAppTests;
			sourceTree = "<group>";
		};
		A27D8F082785F272005FBC91 = {
			isa = PBXGroup;
			children = (
				A27D8F132785F272005FBC91 /* GameApp */,
				A21CCAE827B4DE2400EFCFE1 /* GameAppTests */,
				A27D8F122785F272005FBC91 /* Products */,
			);
			sourceTree = "<group>";
		};
		A27D8F122785F272005FBC91 /* Products */ = {
			isa = PBXGroup;
			children = (
				A27D8F112785F272005FBC91 /* GameApp.app */,
				A21CCAE727B4DE2400EFCFE1 /* GameAppTests.xctest */,
			);
			name = Products;
			sourceTree = "<group>";
		};
		A27D8F132785F272005FBC91 /* GameApp */ = {
			isa = PBXGroup;
			children = (
				A27D8F142785F272005FBC91 /* GameApp.swift */,
				A27D8F272785F427005FBC91 /* Views */,
				A27D8F292785F441005FBC91 /* ViewModels */,
				A27D8F282785F438005FBC91 /* Models */,
				A27D8F2A2785F452005FBC91 /* Data */,
				A27D8F2F2785F8B8005FBC91 /* Utilities */,
				A27D8F182785F274005FBC91 /* Assets.xcassets */,
				A27D8F1F2785F274005FBC91 /* GameApp.xcdatamodeld */,
				A27D8F1A2785F274005FBC91 /* Preview Content */,
			);
			path = GameApp;
			sourceTree = "<group>";
		};
		A27D8F1A2785F274005FBC91 /* Preview Content */ = {
			isa = PBXGroup;
			children = (
				A27D8F1B2785F274005FBC91 /* Preview Assets.xcassets */,
			);
			path = "Preview Content";
			sourceTree = "<group>";
		};
		A27D8F272785F427005FBC91 /* Views */ = {
			isa = PBXGroup;
			children = (
				A27D8F162785F272005FBC91 /* ContentView.swift */,
				A27D8F2B2785F4CC005FBC91 /* GameSelectionView.swift */,
				A27D8F3E27938ACE005FBC91 /* EmojiConcentrationView.swift */,
				A2A7405927A079E600443132 /* SetView.swift */,
				A293E3C9279F38450090A465 /* Common */,
			);
			path = Views;
			sourceTree = "<group>";
		};
		A27D8F282785F438005FBC91 /* Models */ = {
			isa = PBXGroup;
			children = (
				A27D8F322786043D005FBC91 /* GameProtocol.swift */,
				A28B582E279668AB0046C8B5 /* Concentration.swift */,
				A28B5832279DC5CA0046C8B5 /* Theme.swift */,
				A2A7405B27A07A6800443132 /* SetGame.swift */,
			);
			path = Models;
			sourceTree = "<group>";
		};
		A27D8F292785F441005FBC91 /* ViewModels */ = {
			isa = PBXGroup;
			children = (
				A27D8F2D2785F7BE005FBC91 /* GameController.swift */,
				A28B5830279A7EC80046C8B5 /* EmojiConcentration.swift */,
				A2A6393027A21C16009B68A0 /* SetViewModel.swift */,
			);
			path = ViewModels;
			sourceTree = "<group>";
		};
		A27D8F2A2785F452005FBC91 /* Data */ = {
			isa = PBXGroup;
			children = (
				A27D8F1D2785F274005FBC91 /* Persistence.swift */,
			);
			path = Data;
			sourceTree = "<group>";
		};
		A27D8F2F2785F8B8005FBC91 /* Utilities */ = {
			isa = PBXGroup;
			children = (
			);
			path = Utilities;
			sourceTree = "<group>";
		};
		A293E3C9279F38450090A465 /* Common */ = {
			isa = PBXGroup;
			children = (
				A293E3C5279F0CAC0090A465 /* AspectVGrid.swift */,
				A293E3C7279F32A60090A465 /* Pie.swift */,
				A2A7405D27A1020100443132 /* Diamond.swift */,
				A2A6392E27A1E746009B68A0 /* Cardify.swift */,
			);
			path = Common;
			sourceTree = "<group>";
		};
/* End PBXGroup section */

/* Begin PBXNativeTarget section */
		A21CCAE627B4DE2400EFCFE1 /* GameAppTests */ = {
			isa = PBXNativeTarget;
			buildConfigurationList = A21CCAEF27B4DE2400EFCFE1 /* Build configuration list for PBXNativeTarget "GameAppTests" */;
			buildPhases = (
				A21CCAE327B4DE2400EFCFE1 /* Sources */,
				A21CCAE427B4DE2400EFCFE1 /* Frameworks */,
				A21CCAE527B4DE2400EFCFE1 /* Resources */,
			);
			buildRules = (
			);
			dependencies = (
				A21CCAEC27B4DE2400EFCFE1 /* PBXTargetDependency */,
			);
			name = GameAppTests;
			productName = GameAppTests;
			productReference = A21CCAE727B4DE2400EFCFE1 /* GameAppTests.xctest */;
			productType = "com.apple.product-type.bundle.unit-test";
		};
		A27D8F102785F272005FBC91 /* GameApp */ = {
			isa = PBXNativeTarget;
			buildConfigurationList = A27D8F242785F274005FBC91 /* Build configuration list for PBXNativeTarget "GameApp" */;
			buildPhases = (
				A27D8F0D2785F272005FBC91 /* Sources */,
				A27D8F0E2785F272005FBC91 /* Frameworks */,
				A27D8F0F2785F272005FBC91 /* Resources */,
			);
			buildRules = (
			);
			dependencies = (
			);
			name = GameApp;
			productName = GameApp;
			productReference = A27D8F112785F272005FBC91 /* GameApp.app */;
			productType = "com.apple.product-type.application";
		};
/* End PBXNativeTarget section */

/* Begin PBXProject section */
		A27D8F092785F272005FBC91 /* Project object */ = {
			isa = PBXProject;
			attributes = {
				BuildIndependentTargetsInParallel = 1;
				LastSwiftUpdateCheck = 1320;
				LastUpgradeCheck = 1320;
				TargetAttributes = {
					A21CCAE627B4DE2400EFCFE1 = {
						CreatedOnToolsVersion = 13.2.1;
						TestTargetID = A27D8F102785F272005FBC91;
					};
					A27D8F102785F272005FBC91 = {
						CreatedOnToolsVersion = 13.2.1;
					};
				};
			};
			buildConfigurationList = A27D8F0C2785F272005FBC91 /* Build configuration list for PBXProject "GameApp" */;
			compatibilityVersion = "Xcode 13.0";
			developmentRegion = en;
			hasScannedForEncodings = 0;
			knownRegions = (
				en,
				Base,
			);
			mainGroup = A27D8F082785F272005FBC91;
			productRefGroup = A27D8F122785F272005FBC91 /* Products */;
			projectDirPath = "";
			projectRoot = "";
			targets = (
				A27D8F102785F272005FBC91 /* GameApp */,
				A21CCAE627B4DE2400EFCFE1 /* GameAppTests */,
			);
		};
/* End PBXProject section */

/* Begin PBXResourcesBuildPhase section */
		A21CCAE527B4DE2400EFCFE1 /* Resources */ = {
			isa = PBXResourcesBuildPhase;
			buildActionMask = 2147483647;
			files = (
			);
			runOnlyForDeploymentPostprocessing = 0;
		};
		A27D8F0F2785F272005FBC91 /* Resources */ = {
			isa = PBXResourcesBuildPhase;
			buildActionMask = 2147483647;
			files = (
				A27D8F1C2785F274005FBC91 /* Preview Assets.xcassets in Resources */,
				A27D8F192785F274005FBC91 /* Assets.xcassets in Resources */,
			);
			runOnlyForDeploymentPostprocessing = 0;
		};
/* End PBXResourcesBuildPhase section */

/* Begin PBXSourcesBuildPhase section */
		A21CCAE327B4DE2400EFCFE1 /* Sources */ = {
			isa = PBXSourcesBuildPhase;
			buildActionMask = 2147483647;
			files = (
				A21CCAEA27B4DE2400EFCFE1 /* SetGameTests.swift in Sources */,
			);
			runOnlyForDeploymentPostprocessing = 0;
		};
		A27D8F0D2785F272005FBC91 /* Sources */ = {
			isa = PBXSourcesBuildPhase;
			buildActionMask = 2147483647;
			files = (
				A27D8F1E2785F274005FBC91 /* Persistence.swift in Sources */,
				A293E3C8279F32A60090A465 /* Pie.swift in Sources */,
				A27D8F172785F272005FBC91 /* ContentView.swift in Sources */,
				A2A7405A27A079E600443132 /* SetView.swift in Sources */,
				A28B582F279668AB0046C8B5 /* Concentration.swift in Sources */,
				A27D8F152785F272005FBC91 /* GameApp.swift in Sources */,
				A2A6393127A21C16009B68A0 /* SetViewModel.swift in Sources */,
				A2A7405E27A1020100443132 /* Diamond.swift in Sources */,
				A28B5831279A7EC80046C8B5 /* EmojiConcentration.swift in Sources */,
				A2A7405C27A07A6800443132 /* SetGame.swift in Sources */,
				A293E3C6279F0CAC0090A465 /* AspectVGrid.swift in Sources */,
				A27D8F3F27938ACF005FBC91 /* EmojiConcentrationView.swift in Sources */,
				A27D8F212785F274005FBC91 /* GameApp.xcdatamodeld in Sources */,
				A27D8F2C2785F4CC005FBC91 /* GameSelectionView.swift in Sources */,
				A27D8F2E2785F7BE005FBC91 /* GameController.swift in Sources */,
				A27D8F332786043D005FBC91 /* GameProtocol.swift in Sources */,
				A2A6392F27A1E746009B68A0 /* Cardify.swift in Sources */,
				A28B5833279DC5CA0046C8B5 /* Theme.swift in Sources */,
			);
			runOnlyForDeploymentPostprocessing = 0;
		};
/* End PBXSourcesBuildPhase section */

/* Begin PBXTargetDependency section */
		A21CCAEC27B4DE2400EFCFE1 /* PBXTargetDependency */ = {
			isa = PBXTargetDependency;
			target = A27D8F102785F272005FBC91 /* GameApp */;
			targetProxy = A21CCAEB27B4DE2400EFCFE1 /* PBXContainerItemProxy */;
		};
/* End PBXTargetDependency section */

/* Begin XCBuildConfiguration section */
		A21CCAED27B4DE2400EFCFE1 /* Debug */ = {
			isa = XCBuildConfiguration;
			buildSettings = {
				BUNDLE_LOADER = "$(TEST_HOST)";
				CODE_SIGN_STYLE = Automatic;
				CURRENT_PROJECT_VERSION = 1;
				DEVELOPMENT_TEAM = 845Q48W2V4;
				GENERATE_INFOPLIST_FILE = YES;
				MARKETING_VERSION = 1.0;
				PRODUCT_BUNDLE_IDENTIFIER = com.MitchellSalomon.GameAppTests;
				PRODUCT_NAME = "$(TARGET_NAME)";
				SWIFT_EMIT_LOC_STRINGS = NO;
				SWIFT_VERSION = 5.0;
				TARGETED_DEVICE_FAMILY = "1,2";
				TEST_HOST = "$(BUILT_PRODUCTS_DIR)/GameApp.app/GameApp";
			};
			name = Debug;
		};
		A21CCAEE27B4DE2400EFCFE1 /* Release */ = {
			isa = XCBuildConfiguration;
			buildSettings = {
				BUNDLE_LOADER = "$(TEST_HOST)";
				CODE_SIGN_STYLE = Automatic;
				CURRENT_PROJECT_VERSION = 1;
				DEVELOPMENT_TEAM = 845Q48W2V4;
				GENERATE_INFOPLIST_FILE = YES;
				MARKETING_VERSION = 1.0;
				PRODUCT_BUNDLE_IDENTIFIER = com.MitchellSalomon.GameAppTests;
				PRODUCT_NAME = "$(TARGET_NAME)";
				SWIFT_EMIT_LOC_STRINGS = NO;
				SWIFT_VERSION = 5.0;
				TARGETED_DEVICE_FAMILY = "1,2";
				TEST_HOST = "$(BUILT_PRODUCTS_DIR)/GameApp.app/GameApp";
			};
			name = Release;
		};
		A27D8F222785F274005FBC91 /* Debug */ = {
			isa = XCBuildConfiguration;
			buildSettings = {
				ALWAYS_SEARCH_USER_PATHS = NO;
				CLANG_ANALYZER_NONNULL = YES;
				CLANG_ANALYZER_NUMBER_OBJECT_CONVERSION = YES_AGGRESSIVE;
				CLANG_CXX_LANGUAGE_STANDARD = "gnu++17";
				CLANG_CXX_LIBRARY = "libc++";
				CLANG_ENABLE_MODULES = YES;
				CLANG_ENABLE_OBJC_ARC = YES;
				CLANG_ENABLE_OBJC_WEAK = YES;
				CLANG_WARN_BLOCK_CAPTURE_AUTORELEASING = YES;
				CLANG_WARN_BOOL_CONVERSION = YES;
				CLANG_WARN_COMMA = YES;
				CLANG_WARN_CONSTANT_CONVERSION = YES;
				CLANG_WARN_DEPRECATED_OBJC_IMPLEMENTATIONS = YES;
				CLANG_WARN_DIRECT_OBJC_ISA_USAGE = YES_ERROR;
				CLANG_WARN_DOCUMENTATION_COMMENTS = YES;
				CLANG_WARN_EMPTY_BODY = YES;
				CLANG_WARN_ENUM_CONVERSION = YES;
				CLANG_WARN_INFINITE_RECURSION = YES;
				CLANG_WARN_INT_CONVERSION = YES;
				CLANG_WARN_NON_LITERAL_NULL_CONVERSION = YES;
				CLANG_WARN_OBJC_IMPLICIT_RETAIN_SELF = YES;
				CLANG_WARN_OBJC_LITERAL_CONVERSION = YES;
				CLANG_WARN_OBJC_ROOT_CLASS = YES_ERROR;
				CLANG_WARN_QUOTED_INCLUDE_IN_FRAMEWORK_HEADER = YES;
				CLANG_WARN_RANGE_LOOP_ANALYSIS = YES;
				CLANG_WARN_STRICT_PROTOTYPES = YES;
				CLANG_WARN_SUSPICIOUS_MOVE = YES;
				CLANG_WARN_UNGUARDED_AVAILABILITY = YES_AGGRESSIVE;
				CLANG_WARN_UNREACHABLE_CODE = YES;
				CLANG_WARN__DUPLICATE_METHOD_MATCH = YES;
				COPY_PHASE_STRIP = NO;
				DEBUG_INFORMATION_FORMAT = dwarf;
				ENABLE_STRICT_OBJC_MSGSEND = YES;
				ENABLE_TESTABILITY = YES;
				GCC_C_LANGUAGE_STANDARD = gnu11;
				GCC_DYNAMIC_NO_PIC = NO;
				GCC_NO_COMMON_BLOCKS = YES;
				GCC_OPTIMIZATION_LEVEL = 0;
				GCC_PREPROCESSOR_DEFINITIONS = (
					"DEBUG=1",
					"$(inherited)",
				);
				GCC_WARN_64_TO_32_BIT_CONVERSION = YES;
				GCC_WARN_ABOUT_RETURN_TYPE = YES_ERROR;
				GCC_WARN_UNDECLARED_SELECTOR = YES;
				GCC_WARN_UNINITIALIZED_AUTOS = YES_AGGRESSIVE;
				GCC_WARN_UNUSED_FUNCTION = YES;
				GCC_WARN_UNUSED_VARIABLE = YES;
				IPHONEOS_DEPLOYMENT_TARGET = 15.2;
				MTL_ENABLE_DEBUG_INFO = INCLUDE_SOURCE;
				MTL_FAST_MATH = YES;
				ONLY_ACTIVE_ARCH = YES;
				SDKROOT = iphoneos;
				SWIFT_ACTIVE_COMPILATION_CONDITIONS = DEBUG;
				SWIFT_OPTIMIZATION_LEVEL = "-Onone";
			};
			name = Debug;
		};
		A27D8F232785F274005FBC91 /* Release */ = {
			isa = XCBuildConfiguration;
			buildSettings = {
				ALWAYS_SEARCH_USER_PATHS = NO;
				CLANG_ANALYZER_NONNULL = YES;
				CLANG_ANALYZER_NUMBER_OBJECT_CONVERSION = YES_AGGRESSIVE;
				CLANG_CXX_LANGUAGE_STANDARD = "gnu++17";
				CLANG_CXX_LIBRARY = "libc++";
				CLANG_ENABLE_MODULES = YES;
				CLANG_ENABLE_OBJC_ARC = YES;
				CLANG_ENABLE_OBJC_WEAK = YES;
				CLANG_WARN_BLOCK_CAPTURE_AUTORELEASING = YES;
				CLANG_WARN_BOOL_CONVERSION = YES;
				CLANG_WARN_COMMA = YES;
				CLANG_WARN_CONSTANT_CONVERSION = YES;
				CLANG_WARN_DEPRECATED_OBJC_IMPLEMENTATIONS = YES;
				CLANG_WARN_DIRECT_OBJC_ISA_USAGE = YES_ERROR;
				CLANG_WARN_DOCUMENTATION_COMMENTS = YES;
				CLANG_WARN_EMPTY_BODY = YES;
				CLANG_WARN_ENUM_CONVERSION = YES;
				CLANG_WARN_INFINITE_RECURSION = YES;
				CLANG_WARN_INT_CONVERSION = YES;
				CLANG_WARN_NON_LITERAL_NULL_CONVERSION = YES;
				CLANG_WARN_OBJC_IMPLICIT_RETAIN_SELF = YES;
				CLANG_WARN_OBJC_LITERAL_CONVERSION = YES;
				CLANG_WARN_OBJC_ROOT_CLASS = YES_ERROR;
				CLANG_WARN_QUOTED_INCLUDE_IN_FRAMEWORK_HEADER = YES;
				CLANG_WARN_RANGE_LOOP_ANALYSIS = YES;
				CLANG_WARN_STRICT_PROTOTYPES = YES;
				CLANG_WARN_SUSPICIOUS_MOVE = YES;
				CLANG_WARN_UNGUARDED_AVAILABILITY = YES_AGGRESSIVE;
				CLANG_WARN_UNREACHABLE_CODE = YES;
				CLANG_WARN__DUPLICATE_METHOD_MATCH = YES;
				COPY_PHASE_STRIP = NO;
				DEBUG_INFORMATION_FORMAT = "dwarf-with-dsym";
				ENABLE_NS_ASSERTIONS = NO;
				ENABLE_STRICT_OBJC_MSGSEND = YES;
				GCC_C_LANGUAGE_STANDARD = gnu11;
				GCC_NO_COMMON_BLOCKS = YES;
				GCC_WARN_64_TO_32_BIT_CONVERSION = YES;
				GCC_WARN_ABOUT_RETURN_TYPE = YES_ERROR;
				GCC_WARN_UNDECLARED_SELECTOR = YES;
				GCC_WARN_UNINITIALIZED_AUTOS = YES_AGGRESSIVE;
				GCC_WARN_UNUSED_FUNCTION = YES;
				GCC_WARN_UNUSED_VARIABLE = YES;
				IPHONEOS_DEPLOYMENT_TARGET = 15.2;
				MTL_ENABLE_DEBUG_INFO = NO;
				MTL_FAST_MATH = YES;
				SDKROOT = iphoneos;
				SWIFT_COMPILATION_MODE = wholemodule;
				SWIFT_OPTIMIZATION_LEVEL = "-O";
				VALIDATE_PRODUCT = YES;
			};
			name = Release;
		};
		A27D8F252785F274005FBC91 /* Debug */ = {
			isa = XCBuildConfiguration;
			buildSettings = {
				ASSETCATALOG_COMPILER_APPICON_NAME = AppIcon;
				ASSETCATALOG_COMPILER_GLOBAL_ACCENT_COLOR_NAME = AccentColor;
				CODE_SIGN_STYLE = Automatic;
				CURRENT_PROJECT_VERSION = 1;
				DEVELOPMENT_ASSET_PATHS = "\"GameApp/Preview Content\"";
				DEVELOPMENT_TEAM = 845Q48W2V4;
				ENABLE_PREVIEWS = YES;
				GENERATE_INFOPLIST_FILE = YES;
				INFOPLIST_KEY_UIApplicationSceneManifest_Generation = YES;
				INFOPLIST_KEY_UIApplicationSupportsIndirectInputEvents = YES;
				INFOPLIST_KEY_UILaunchScreen_Generation = YES;
				INFOPLIST_KEY_UISupportedInterfaceOrientations_iPad = "UIInterfaceOrientationPortrait UIInterfaceOrientationPortraitUpsideDown UIInterfaceOrientationLandscapeLeft UIInterfaceOrientationLandscapeRight";
				INFOPLIST_KEY_UISupportedInterfaceOrientations_iPhone = "UIInterfaceOrientationPortrait UIInterfaceOrientationLandscapeLeft UIInterfaceOrientationLandscapeRight";
				LD_RUNPATH_SEARCH_PATHS = (
					"$(inherited)",
					"@executable_path/Frameworks",
				);
				MARKETING_VERSION = 1.0;
				PRODUCT_BUNDLE_IDENTIFIER = com.MitchellSalomon.GameApp;
				PRODUCT_NAME = "$(TARGET_NAME)";
				SWIFT_EMIT_LOC_STRINGS = YES;
				SWIFT_VERSION = 5.0;
				TARGETED_DEVICE_FAMILY = "1,2";
			};
			name = Debug;
		};
		A27D8F262785F274005FBC91 /* Release */ = {
			isa = XCBuildConfiguration;
			buildSettings = {
				ASSETCATALOG_COMPILER_APPICON_NAME = AppIcon;
				ASSETCATALOG_COMPILER_GLOBAL_ACCENT_COLOR_NAME = AccentColor;
				CODE_SIGN_STYLE = Automatic;
				CURRENT_PROJECT_VERSION = 1;
				DEVELOPMENT_ASSET_PATHS = "\"GameApp/Preview Content\"";
				DEVELOPMENT_TEAM = 845Q48W2V4;
				ENABLE_PREVIEWS = YES;
				GENERATE_INFOPLIST_FILE = YES;
				INFOPLIST_KEY_UIApplicationSceneManifest_Generation = YES;
				INFOPLIST_KEY_UIApplicationSupportsIndirectInputEvents = YES;
				INFOPLIST_KEY_UILaunchScreen_Generation = YES;
				INFOPLIST_KEY_UISupportedInterfaceOrientations_iPad = "UIInterfaceOrientationPortrait UIInterfaceOrientationPortraitUpsideDown UIInterfaceOrientationLandscapeLeft UIInterfaceOrientationLandscapeRight";
				INFOPLIST_KEY_UISupportedInterfaceOrientations_iPhone = "UIInterfaceOrientationPortrait UIInterfaceOrientationLandscapeLeft UIInterfaceOrientationLandscapeRight";
				LD_RUNPATH_SEARCH_PATHS = (
					"$(inherited)",
					"@executable_path/Frameworks",
				);
				MARKETING_VERSION = 1.0;
				PRODUCT_BUNDLE_IDENTIFIER = com.MitchellSalomon.GameApp;
				PRODUCT_NAME = "$(TARGET_NAME)";
				SWIFT_EMIT_LOC_STRINGS = YES;
				SWIFT_VERSION = 5.0;
				TARGETED_DEVICE_FAMILY = "1,2";
			};
			name = Release;
		};
/* End XCBuildConfiguration section */

/* Begin XCConfigurationList section */
		A21CCAEF27B4DE2400EFCFE1 /* Build configuration list for PBXNativeTarget "GameAppTests" */ = {
			isa = XCConfigurationList;
			buildConfigurations = (
				A21CCAED27B4DE2400EFCFE1 /* Debug */,
				A21CCAEE27B4DE2400EFCFE1 /* Release */,
			);
			defaultConfigurationIsVisible = 0;
			defaultConfigurationName = Release;
		};
		A27D8F0C2785F272005FBC91 /* Build configuration list for PBXProject "GameApp" */ = {
			isa = XCConfigurationList;
			buildConfigurations = (
				A27D8F222785F274005FBC91 /* Debug */,
				A27D8F232785F274005FBC91 /* Release */,
			);
			defaultConfigurationIsVisible = 0;
			defaultConfigurationName = Release;
		};
		A27D8F242785F274005FBC91 /* Build configuration list for PBXNativeTarget "GameApp" */ = {
			isa = XCConfigurationList;
			buildConfigurations = (
				A27D8F252785F274005FBC91 /* Debug */,
				A27D8F262785F274005FBC91 /* Release */,
			);
			defaultConfigurationIsVisible = 0;
			defaultConfigurationName = Release;
		};
/* End XCConfigurationList section */

/* Begin XCVersionGroup section */
		A27D8F1F2785F274005FBC91 /* GameApp.xcdatamodeld */ = {
			isa = XCVersionGroup;
			children = (
				A27D8F202785F274005FBC91 /* GameApp.xcdatamodel */,
			);
			currentVersion = A27D8F202785F274005FBC91 /* GameApp.xcdatamodel */;
			path = GameApp.xcdatamodeld;
			sourceTree = "<group>";
			versionGroupType = wrapper.xcdatamodel;
		};
/* End XCVersionGroup section */
	};
	rootObject = A27D8F092785F272005FBC91 /* Project object */;
}
